
Microsoft Visual Studio Solution File, Format Version 12.00
# Visual Studio Version 16
VisualStudioVersion = 16.0.29806.167
MinimumVisualStudioVersion = 10.0.40219.1
Project("{9A19103F-16F7-4668-BE54-9A1E7A4F7556}") = "DatingApp.API", "DatingApp.API\DatingApp.API.csproj", "{FD0E0FFF-62EA-4CAD-A341-806D12BA5DF7}"
EndProject
Global
	GlobalSection(SolutionConfigurationPlatforms) = preSolution
		Debug|Any CPU = Debug|Any CPU
		Release|Any CPU = Release|Any CPU
	EndGlobalSection
	GlobalSection(ProjectConfigurationPlatforms) = postSolution
		{FD0E0FFF-62EA-4CAD-A341-806D12BA5DF7}.Debug|Any CPU.ActiveCfg = Debug|Any CPU
		{FD0E0FFF-62EA-4CAD-A341-806D12BA5DF7}.Debug|Any CPU.Build.0 = Debug|Any CPU
		{FD0E0FFF-62EA-4CAD-A341-806D12BA5DF7}.Release|Any CPU.ActiveCfg = Release|Any CPU
		{FD0E0FFF-62EA-4CAD-A341-806D12BA5DF7}.Release|Any CPU.Build.0 = Release|Any CPU
	EndGlobalSection
	GlobalSection(SolutionProperties) = preSolution
		HideSolutionNode = FALSE
	EndGlobalSection
	GlobalSection(ExtensibilityGlobals) = postSolution
		SolutionGuid = {5BAA3418-030E-4F16-A74E-152BF38B72AF}
	EndGlobalSection
EndGlobal
